
Microsoft Visual Studio Solution File, Format Version 12.00
# Visual Studio 15
VisualStudioVersion = 15.0.25807.0
MinimumVisualStudioVersion = 10.0.40219.1
Project("{2150E333-8FDC-42A3-9474-1A3956D46DE8}") = "Engine", "Engine", "{FAA81389-289E-4101-8A85-36DCFDE309EB}"
EndProject
Project("{2150E333-8FDC-42A3-9474-1A3956D46DE8}") = "Games", "Games", "{2E93D57F-C6D1-4208-940C-AFBA8B58FBEB}"
EndProject
Project("{8BC9CEB8-8B4A-11D0-8D11-00A0C91BC942}") = "UE4", "Intermediate\ProjectFiles\UE4.vcxproj", "{863633F2-761D-449C-B112-FEE386B3FDED}"
EndProject
Project("{8BC9CEB8-8B4A-11D0-8D11-00A0C91BC942}") = "MyTCP", "Intermediate\ProjectFiles\MyTCP.vcxproj", "{3D7D9F14-48E0-4FAC-A50A-198E9094552C}"
EndProject
Global
	GlobalSection(SolutionConfigurationPlatforms) = preSolution
		DebugGame Editor|HTML5 = DebugGame Editor|HTML5
		DebugGame Editor|Win32 = DebugGame Editor|Win32
		DebugGame Editor|Win64 = DebugGame Editor|Win64
		DebugGame|HTML5 = DebugGame|HTML5
		DebugGame|Win32 = DebugGame|Win32
		DebugGame|Win64 = DebugGame|Win64
		Development Editor|HTML5 = Development Editor|HTML5
		Development Editor|Win32 = Development Editor|Win32
		Development Editor|Win64 = Development Editor|Win64
		Development|HTML5 = Development|HTML5
		Development|Win32 = Development|Win32
		Development|Win64 = Development|Win64
		Shipping|HTML5 = Shipping|HTML5
		Shipping|Win32 = Shipping|Win32
		Shipping|Win64 = Shipping|Win64
	EndGlobalSection
	GlobalSection(ProjectConfigurationPlatforms) = postSolution
		{863633F2-761D-449C-B112-FEE386B3FDED}.DebugGame Editor|HTML5.ActiveCfg = BuiltWithUnrealBuildTool|Win32
		{863633F2-761D-449C-B112-FEE386B3FDED}.DebugGame Editor|HTML5.Build.0 = BuiltWithUnrealBuildTool|Win32
		{863633F2-761D-449C-B112-FEE386B3FDED}.DebugGame Editor|Win32.ActiveCfg = BuiltWithUnrealBuildTool|Win32
		{863633F2-761D-449C-B112-FEE386B3FDED}.DebugGame Editor|Win32.Build.0 = BuiltWithUnrealBuildTool|Win32
		{863633F2-761D-449C-B112-FEE386B3FDED}.DebugGame Editor|Win64.ActiveCfg = BuiltWithUnrealBuildTool|Win32
		{863633F2-761D-449C-B112-FEE386B3FDED}.DebugGame Editor|Win64.Build.0 = BuiltWithUnrealBuildTool|Win32
		{863633F2-761D-449C-B112-FEE386B3FDED}.DebugGame|HTML5.ActiveCfg = BuiltWithUnrealBuildTool|Win32
		{863633F2-761D-449C-B112-FEE386B3FDED}.DebugGame|HTML5.Build.0 = BuiltWithUnrealBuildTool|Win32
		{863633F2-761D-449C-B112-FEE386B3FDED}.DebugGame|Win32.ActiveCfg = BuiltWithUnrealBuildTool|Win32
		{863633F2-761D-449C-B112-FEE386B3FDED}.DebugGame|Win32.Build.0 = BuiltWithUnrealBuildTool|Win32
		{863633F2-761D-449C-B112-FEE386B3FDED}.DebugGame|Win64.ActiveCfg = BuiltWithUnrealBuildTool|Win32
		{863633F2-761D-449C-B112-FEE386B3FDED}.DebugGame|Win64.Build.0 = BuiltWithUnrealBuildTool|Win32
		{863633F2-761D-449C-B112-FEE386B3FDED}.Development Editor|HTML5.ActiveCfg = BuiltWithUnrealBuildTool|Win32
		{863633F2-761D-449C-B112-FEE386B3FDED}.Development Editor|HTML5.Build.0 = BuiltWithUnrealBuildTool|Win32
		{863633F2-761D-449C-B112-FEE386B3FDED}.Development Editor|Win32.ActiveCfg = BuiltWithUnrealBuildTool|Win32
		{863633F2-761D-449C-B112-FEE386B3FDED}.Development Editor|Win32.Build.0 = BuiltWithUnrealBuildTool|Win32
		{863633F2-761D-449C-B112-FEE386B3FDED}.Development Editor|Win64.ActiveCfg = BuiltWithUnrealBuildTool|Win32
		{863633F2-761D-449C-B112-FEE386B3FDED}.Development Editor|Win64.Build.0 = BuiltWithUnrealBuildTool|Win32
		{863633F2-761D-449C-B112-FEE386B3FDED}.Development|HTML5.ActiveCfg = BuiltWithUnrealBuildTool|Win32
		{863633F2-761D-449C-B112-FEE386B3FDED}.Development|HTML5.Build.0 = BuiltWithUnrealBuildTool|Win32
		{863633F2-761D-449C-B112-FEE386B3FDED}.Development|Win32.ActiveCfg = BuiltWithUnrealBuildTool|Win32
		{863633F2-761D-449C-B112-FEE386B3FDED}.Development|Win32.Build.0 = BuiltWithUnrealBuildTool|Win32
		{863633F2-761D-449C-B112-FEE386B3FDED}.Development|Win64.ActiveCfg = BuiltWithUnrealBuildTool|Win32
		{863633F2-761D-449C-B112-FEE386B3FDED}.Development|Win64.Build.0 = BuiltWithUnrealBuildTool|Win32
		{863633F2-761D-449C-B112-FEE386B3FDED}.Shipping|HTML5.ActiveCfg = BuiltWithUnrealBuildTool|Win32
		{863633F2-761D-449C-B112-FEE386B3FDED}.Shipping|HTML5.Build.0 = BuiltWithUnrealBuildTool|Win32
		{863633F2-761D-449C-B112-FEE386B3FDED}.Shipping|Win32.ActiveCfg = BuiltWithUnrealBuildTool|Win32
		{863633F2-761D-449C-B112-FEE386B3FDED}.Shipping|Win32.Build.0 = BuiltWithUnrealBuildTool|Win32
		{863633F2-761D-449C-B112-FEE386B3FDED}.Shipping|Win64.ActiveCfg = BuiltWithUnrealBuildTool|Win32
		{863633F2-761D-449C-B112-FEE386B3FDED}.Shipping|Win64.Build.0 = BuiltWithUnrealBuildTool|Win32
		{3D7D9F14-48E0-4FAC-A50A-198E9094552C}.DebugGame Editor|HTML5.ActiveCfg = HTML5_DebugGame_Editor|Win32
		{3D7D9F14-48E0-4FAC-A50A-198E9094552C}.DebugGame Editor|Win32.ActiveCfg = DebugGame_Editor|Win32
		{3D7D9F14-48E0-4FAC-A50A-198E9094552C}.DebugGame Editor|Win64.ActiveCfg = DebugGame_Editor|x64
		{3D7D9F14-48E0-4FAC-A50A-198E9094552C}.DebugGame Editor|Win64.Build.0 = DebugGame_Editor|x64
		{3D7D9F14-48E0-4FAC-A50A-198E9094552C}.DebugGame|HTML5.ActiveCfg = HTML5_DebugGame_Game|Win32
		{3D7D9F14-48E0-4FAC-A50A-198E9094552C}.DebugGame|HTML5.Build.0 = HTML5_DebugGame_Game|Win32
		{3D7D9F14-48E0-4FAC-A50A-198E9094552C}.DebugGame|Win32.ActiveCfg = DebugGame_Game|Win32
		{3D7D9F14-48E0-4FAC-A50A-198E9094552C}.DebugGame|Win32.Build.0 = DebugGame_Game|Win32
		{3D7D9F14-48E0-4FAC-A50A-198E9094552C}.DebugGame|Win64.ActiveCfg = DebugGame_Game|x64
		{3D7D9F14-48E0-4FAC-A50A-198E9094552C}.DebugGame|Win64.Build.0 = DebugGame_Game|x64
		{3D7D9F14-48E0-4FAC-A50A-198E9094552C}.Development Editor|HTML5.ActiveCfg = HTML5_Development_Editor|Win32
		{3D7D9F14-48E0-4FAC-A50A-198E9094552C}.Development Editor|Win32.ActiveCfg = Development_Editor|Win32
		{3D7D9F14-48E0-4FAC-A50A-198E9094552C}.Development Editor|Win64.ActiveCfg = Development_Editor|x64
		{3D7D9F14-48E0-4FAC-A50A-198E9094552C}.Development Editor|Win64.Build.0 = Development_Editor|x64
		{3D7D9F14-48E0-4FAC-A50A-198E9094552C}.Development|HTML5.ActiveCfg = HTML5_Development_Game|Win32
		{3D7D9F14-48E0-4FAC-A50A-198E9094552C}.Development|HTML5.Build.0 = HTML5_Development_Game|Win32
		{3D7D9F14-48E0-4FAC-A50A-198E9094552C}.Development|Win32.ActiveCfg = Development_Game|Win32
		{3D7D9F14-48E0-4FAC-A50A-198E9094552C}.Development|Win32.Build.0 = Development_Game|Win32
		{3D7D9F14-48E0-4FAC-A50A-198E9094552C}.Development|Win64.ActiveCfg = Development_Game|x64
		{3D7D9F14-48E0-4FAC-A50A-198E9094552C}.Development|Win64.Build.0 = Development_Game|x64
		{3D7D9F14-48E0-4FAC-A50A-198E9094552C}.Shipping|HTML5.ActiveCfg = HTML5_Shipping_Game|Win32
		{3D7D9F14-48E0-4FAC-A50A-198E9094552C}.Shipping|HTML5.Build.0 = HTML5_Shipping_Game|Win32
		{3D7D9F14-48E0-4FAC-A50A-198E9094552C}.Shipping|Win32.ActiveCfg = Shipping_Game|Win32
		{3D7D9F14-48E0-4FAC-A50A-198E9094552C}.Shipping|Win32.Build.0 = Shipping_Game|Win32
		{3D7D9F14-48E0-4FAC-A50A-198E9094552C}.Shipping|Win64.ActiveCfg = Shipping_Game|x64
		{3D7D9F14-48E0-4FAC-A50A-198E9094552C}.Shipping|Win64.Build.0 = Shipping_Game|x64
	EndGlobalSection
	GlobalSection(SolutionProperties) = preSolution
		HideSolutionNode = FALSE
	EndGlobalSection
	GlobalSection(NestedProjects) = preSolution
		{863633F2-761D-449C-B112-FEE386B3FDED} = {FAA81389-289E-4101-8A85-36DCFDE309EB}
		{3D7D9F14-48E0-4FAC-A50A-198E9094552C} = {2E93D57F-C6D1-4208-940C-AFBA8B58FBEB}
	EndGlobalSection
	GlobalSection(ExtensibilityGlobals) = postSolution
		SolutionGuid = {5630835B-345F-4ECF-907C-9D1A451D7B2C}
	EndGlobalSection
EndGlobal
